
Microsoft Visual Studio Solution File, Format Version 12.00
# Visual Studio Version 16
VisualStudioVersion = 16.0.29509.3
MinimumVisualStudioVersion = 10.0.40219.1
Project("{FAE04EC0-301F-11D3-BF4B-00C04F79EFBC}") = "InternApplicationPortal", "InternApplicationPortal\InternApplicationPortal.csproj", "{BF328E60-96DD-453B-8384-E7C60C446510}"
EndProject
Global
	GlobalSection(SolutionConfigurationPlatforms) = preSolution
		Debug|Any CPU = Debug|Any CPU
		Release|Any CPU = Release|Any CPU
	EndGlobalSection
	GlobalSection(ProjectConfigurationPlatforms) = postSolution
		{BF328E60-96DD-453B-8384-E7C60C446510}.Debug|Any CPU.ActiveCfg = Debug|Any CPU
		{BF328E60-96DD-453B-8384-E7C60C446510}.Debug|Any CPU.Build.0 = Debug|Any CPU
		{BF328E60-96DD-453B-8384-E7C60C446510}.Release|Any CPU.ActiveCfg = Release|Any CPU
		{BF328E60-96DD-453B-8384-E7C60C446510}.Release|Any CPU.Build.0 = Release|Any CPU
	EndGlobalSection
	GlobalSection(SolutionProperties) = preSolution
		HideSolutionNode = FALSE
	EndGlobalSection
	GlobalSection(ExtensibilityGlobals) = postSolution
		SolutionGuid = {89266AC8-C6F6-4345-BE6D-8982CB1D61CA}
	EndGlobalSection
EndGlobal
